
Microsoft Visual Studio Solution File, Format Version 12.00
# Visual Studio 15
VisualStudioVersion = 15.0.28307.1831
MinimumVisualStudioVersion = 10.0.40219.1
Project("{8BC9CEB8-8B4A-11D0-8D11-00A0C91BC942}") = "fulcrum", "fulcrum\fulcrum.vcxproj", "{260CC154-D748-467A-9605-D6A19F2E5780}"
EndProject
Global
	GlobalSection(SolutionConfigurationPlatforms) = preSolution
		Debug|x86 = Debug|x86
		Release|x86 = Release|x86
	EndGlobalSection
	GlobalSection(ProjectConfigurationPlatforms) = postSolution
		{260CC154-D748-467A-9605-D6A19F2E5780}.Debug|x86.ActiveCfg = Debug|Win32
		{260CC154-D748-467A-9605-D6A19F2E5780}.Debug|x86.Build.0 = Debug|Win32
		{260CC154-D748-467A-9605-D6A19F2E5780}.Release|x86.ActiveCfg = Release|Win32
		{260CC154-D748-467A-9605-D6A19F2E5780}.Release|x86.Build.0 = Release|Win32
	EndGlobalSection
	GlobalSection(SolutionProperties) = preSolution
		HideSolutionNode = FALSE
	EndGlobalSection
	GlobalSection(ExtensibilityGlobals) = postSolution
		SolutionGuid = {CE75333A-71AC-40BD-81CE-B5116D3605AD}
	EndGlobalSection
EndGlobal
